
Microsoft Visual Studio Solution File, Format Version 12.00
# Visual Studio Version 16
VisualStudioVersion = 16.0.31702.278
MinimumVisualStudioVersion = 10.0.40219.1
Project("{9A19103F-16F7-4668-BE54-9A1E7A4F7556}") = "Lab1", "Lab1.csproj", "{4D07F931-F700-499B-AF0E-4C913BBA709B}"
EndProject
Global
	GlobalSection(SolutionConfigurationPlatforms) = preSolution
		Debug|Any CPU = Debug|Any CPU
		Release|Any CPU = Release|Any CPU
	EndGlobalSection
	GlobalSection(ProjectConfigurationPlatforms) = postSolution
		{4D07F931-F700-499B-AF0E-4C913BBA709B}.Debug|Any CPU.ActiveCfg = Debug|Any CPU
		{4D07F931-F700-499B-AF0E-4C913BBA709B}.Debug|Any CPU.Build.0 = Debug|Any CPU
		{4D07F931-F700-499B-AF0E-4C913BBA709B}.Release|Any CPU.ActiveCfg = Release|Any CPU
		{4D07F931-F700-499B-AF0E-4C913BBA709B}.Release|Any CPU.Build.0 = Release|Any CPU
	EndGlobalSection
	GlobalSection(SolutionProperties) = preSolution
		HideSolutionNode = FALSE
	EndGlobalSection
	GlobalSection(ExtensibilityGlobals) = postSolution
		SolutionGuid = {A9AC1A03-C92B-4D18-B320-3348FBDFEEE7}
	EndGlobalSection
EndGlobal
